
Microsoft Visual Studio Solution File, Format Version 12.00
# Visual Studio Version 17
VisualStudioVersion = 17.11.35303.130
MinimumVisualStudioVersion = 10.0.40219.1
Project("{FAE04EC0-301F-11D3-BF4B-00C04F79EFBC}") = "Ejemplo", "Ejemplo\Ejemplo.csproj", "{C8B754DF-2F45-481F-9FB9-2BAD94E8C640}"
EndProject
Global
	GlobalSection(SolutionConfigurationPlatforms) = preSolution
		Debug|Any CPU = Debug|Any CPU
		Release|Any CPU = Release|Any CPU
	EndGlobalSection
	GlobalSection(ProjectConfigurationPlatforms) = postSolution
		{C8B754DF-2F45-481F-9FB9-2BAD94E8C640}.Debug|Any CPU.ActiveCfg = Debug|Any CPU
		{C8B754DF-2F45-481F-9FB9-2BAD94E8C640}.Debug|Any CPU.Build.0 = Debug|Any CPU
		{C8B754DF-2F45-481F-9FB9-2BAD94E8C640}.Debug|Any CPU.Deploy.0 = Debug|Any CPU
		{C8B754DF-2F45-481F-9FB9-2BAD94E8C640}.Release|Any CPU.ActiveCfg = Release|Any CPU
		{C8B754DF-2F45-481F-9FB9-2BAD94E8C640}.Release|Any CPU.Build.0 = Release|Any CPU
		{C8B754DF-2F45-481F-9FB9-2BAD94E8C640}.Release|Any CPU.Deploy.0 = Release|Any CPU
	EndGlobalSection
	GlobalSection(SolutionProperties) = preSolution
		HideSolutionNode = FALSE
	EndGlobalSection
	GlobalSection(ExtensibilityGlobals) = postSolution
		SolutionGuid = {BE0BA23F-C9ED-4AC8-A34A-9C1D210C2E0C}
	EndGlobalSection
EndGlobal
