
Microsoft Visual Studio Solution File, Format Version 12.00
# Visual Studio Version 17
VisualStudioVersion = 17.11.35303.130
MinimumVisualStudioVersion = 10.0.40219.1
Project("{9A19103F-16F7-4668-BE54-9A1E7A4F7556}") = "Ejemplo", "Ejemplo\Ejemplo.csproj", "{C8B754DF-2F45-481F-9FB9-2BAD94E8C640}"
EndProject
Project("{FAE04EC0-301F-11D3-BF4B-00C04F79EFBC}") = "Ejercicio1", "Ejercicio1\Ejercicio1.csproj", "{0CF10985-D4FE-474D-94D9-0D5D444D08DF}"
EndProject
Project("{FAE04EC0-301F-11D3-BF4B-00C04F79EFBC}") = "Ejercicio2", "Ejercicio2\Ejercicio2.csproj", "{DC18AC2A-D264-488B-B576-DC16D1D9E1D2}"
EndProject
Project("{FAE04EC0-301F-11D3-BF4B-00C04F79EFBC}") = "Ejercicio3", "Ejercicio3\Ejercicio3.csproj", "{C95D0CC6-DADF-4A23-A281-1BC30FD8A011}"
EndProject
Global
	GlobalSection(SolutionConfigurationPlatforms) = preSolution
		Debug|Any CPU = Debug|Any CPU
		Release|Any CPU = Release|Any CPU
	EndGlobalSection
	GlobalSection(ProjectConfigurationPlatforms) = postSolution
		{C8B754DF-2F45-481F-9FB9-2BAD94E8C640}.Debug|Any CPU.ActiveCfg = Debug|Any CPU
		{C8B754DF-2F45-481F-9FB9-2BAD94E8C640}.Debug|Any CPU.Build.0 = Debug|Any CPU
		{C8B754DF-2F45-481F-9FB9-2BAD94E8C640}.Debug|Any CPU.Deploy.0 = Debug|Any CPU
		{C8B754DF-2F45-481F-9FB9-2BAD94E8C640}.Release|Any CPU.ActiveCfg = Release|Any CPU
		{C8B754DF-2F45-481F-9FB9-2BAD94E8C640}.Release|Any CPU.Build.0 = Release|Any CPU
		{C8B754DF-2F45-481F-9FB9-2BAD94E8C640}.Release|Any CPU.Deploy.0 = Release|Any CPU
		{0CF10985-D4FE-474D-94D9-0D5D444D08DF}.Debug|Any CPU.ActiveCfg = Debug|Any CPU
		{0CF10985-D4FE-474D-94D9-0D5D444D08DF}.Debug|Any CPU.Build.0 = Debug|Any CPU
		{0CF10985-D4FE-474D-94D9-0D5D444D08DF}.Debug|Any CPU.Deploy.0 = Debug|Any CPU
		{0CF10985-D4FE-474D-94D9-0D5D444D08DF}.Release|Any CPU.ActiveCfg = Release|Any CPU
		{0CF10985-D4FE-474D-94D9-0D5D444D08DF}.Release|Any CPU.Build.0 = Release|Any CPU
		{0CF10985-D4FE-474D-94D9-0D5D444D08DF}.Release|Any CPU.Deploy.0 = Release|Any CPU
		{DC18AC2A-D264-488B-B576-DC16D1D9E1D2}.Debug|Any CPU.ActiveCfg = Debug|Any CPU
		{DC18AC2A-D264-488B-B576-DC16D1D9E1D2}.Debug|Any CPU.Build.0 = Debug|Any CPU
		{DC18AC2A-D264-488B-B576-DC16D1D9E1D2}.Debug|Any CPU.Deploy.0 = Debug|Any CPU
		{DC18AC2A-D264-488B-B576-DC16D1D9E1D2}.Release|Any CPU.ActiveCfg = Release|Any CPU
		{DC18AC2A-D264-488B-B576-DC16D1D9E1D2}.Release|Any CPU.Build.0 = Release|Any CPU
		{DC18AC2A-D264-488B-B576-DC16D1D9E1D2}.Release|Any CPU.Deploy.0 = Release|Any CPU
		{C95D0CC6-DADF-4A23-A281-1BC30FD8A011}.Debug|Any CPU.ActiveCfg = Debug|Any CPU
		{C95D0CC6-DADF-4A23-A281-1BC30FD8A011}.Debug|Any CPU.Build.0 = Debug|Any CPU
		{C95D0CC6-DADF-4A23-A281-1BC30FD8A011}.Debug|Any CPU.Deploy.0 = Debug|Any CPU
		{C95D0CC6-DADF-4A23-A281-1BC30FD8A011}.Release|Any CPU.ActiveCfg = Release|Any CPU
		{C95D0CC6-DADF-4A23-A281-1BC30FD8A011}.Release|Any CPU.Build.0 = Release|Any CPU
		{C95D0CC6-DADF-4A23-A281-1BC30FD8A011}.Release|Any CPU.Deploy.0 = Release|Any CPU
	EndGlobalSection
	GlobalSection(SolutionProperties) = preSolution
		HideSolutionNode = FALSE
	EndGlobalSection
	GlobalSection(ExtensibilityGlobals) = postSolution
		SolutionGuid = {BE0BA23F-C9ED-4AC8-A34A-9C1D210C2E0C}
	EndGlobalSection
EndGlobal
